#
# This file is autogenerated by pip-compile with Python 3.9
# by the following command:
#
#    pip-compile
#
accessible-pygments==0.0.5
    # via pydata-sphinx-theme
aiobotocore==2.12.3
    # via s3fs
aiofiles==23.2.1
    # via kedro-viz
aiohttp==3.9.5
    # via
    #   aiobotocore
    #   s3fs
aioitertools==0.11.0
    # via aiobotocore
aiosignal==1.3.1
    # via aiohttp
alabaster==0.7.16
    # via sphinx
alembic==1.13.1
    # via mlflow
altair==4.2.2
    # via great-expectations
aniso8601==9.0.1
    # via graphene
annotated-types==0.6.0
    # via pydantic
antlr4-python3-runtime==4.9.3
    # via omegaconf
anyio==3.7.1
    # via
    #   httpx
    #   jupyter-server
    #   starlette
    #   watchfiles
    #   watchgod
argon2-cffi==23.1.0
    # via jupyter-server
argon2-cffi-bindings==21.2.0
    # via argon2-cffi
arrow==1.3.0
    # via
    #   cookiecutter
    #   isoduration
astroid==3.2.0
    # via pylint
asttokens==2.4.1
    # via stack-data
async-lru==2.0.4
    # via jupyterlab
async-timeout==4.0.3
    # via aiohttp
attrs==23.2.0
    # via
    #   aiohttp
    #   jsonschema
    #   jupyter-cache
    #   kedro
    #   referencing
babel==2.15.0
    # via
    #   jupyterlab-server
    #   pydata-sphinx-theme
    #   sphinx
beautifulsoup4==4.12.3
    # via
    #   nbconvert
    #   pydata-sphinx-theme
binaryornot==0.4.4
    # via cookiecutter
black==24.4.2
    # via -r requirements.in
bleach==6.1.0
    # via nbconvert
blinker==1.8.2
    # via flask
blosc2==2.5.1
    # via tables
botocore==1.34.69
    # via aiobotocore
build==1.2.1
    # via
    #   kedro
    #   pip-tools
cachetools==5.3.3
    # via
    #   google-auth
    #   kedro
certifi==2024.2.2
    # via
    #   httpcore
    #   httpx
    #   requests
cffi==1.16.0
    # via
    #   argon2-cffi-bindings
    #   cryptography
cfgv==3.4.0
    # via pre-commit
chardet==5.2.0
    # via binaryornot
charset-normalizer==3.3.2
    # via requests
click==8.1.7
    # via
    #   black
    #   click-default-group
    #   cookiecutter
    #   flask
    #   great-expectations
    #   jupyter-cache
    #   kedro
    #   mlflow
    #   pip-tools
    #   typer
    #   uvicorn
click-default-group==1.2.4
    # via kedro-viz
cloudpickle==3.0.0
    # via
    #   mlflow
    #   shap
colorama==0.4.6
    # via great-expectations
comm==0.2.2
    # via
    #   ipykernel
    #   ipywidgets
contourpy==1.2.1
    # via matplotlib
cookiecutter==2.6.0
    # via kedro
coverage[toml]==7.5.1
    # via pytest-cov
cryptography==42.0.7
    # via great-expectations
cycler==0.12.1
    # via matplotlib
db-dtypes==1.2.0
    # via pandas-gbq
debugpy==1.8.1
    # via ipykernel
decorator==5.1.1
    # via ipython
defusedxml==0.7.1
    # via nbconvert
delta-spark==2.4.0
    # via kedro-datasets
deltalake==0.17.4
    # via kedro-datasets
dill==0.3.8
    # via pylint
distlib==0.3.8
    # via virtualenv
dnspython==2.6.1
    # via email-validator
docker==7.0.0
    # via mlflow
docopt==0.6.2
    # via hdfs
docutils==0.21.2
    # via
    #   myst-parser
    #   pydata-sphinx-theme
    #   sphinx
dynaconf==3.2.5
    # via kedro
email-validator==2.1.1
    # via fastapi
entrypoints==0.4
    # via
    #   altair
    #   mlflow
et-xmlfile==1.1.0
    # via openpyxl
exceptiongroup==1.2.1
    # via
    #   anyio
    #   ipython
    #   pytest
execnet==2.1.1
    # via pytest-xdist
executing==2.0.1
    # via stack-data
fastapi==0.111.0
    # via
    #   fastapi-cli
    #   kedro-viz
fastapi-cli==0.0.3
    # via fastapi
fastjsonschema==2.19.1
    # via nbformat
filelock==3.14.0
    # via virtualenv
flask==3.0.3
    # via mlflow
fonttools==4.51.0
    # via matplotlib
fqdn==1.5.1
    # via jsonschema
frozenlist==1.4.1
    # via
    #   aiohttp
    #   aiosignal
fsspec==2023.12.2
    # via
    #   kedro
    #   kedro-viz
    #   s3fs
gitdb==4.0.11
    # via gitpython
gitpython==3.1.43
    # via
    #   kedro
    #   mlflow
google-api-core[grpc]==2.19.0
    # via
    #   google-cloud-bigquery
    #   google-cloud-bigquery-storage
    #   google-cloud-core
    #   pandas-gbq
google-auth==2.29.0
    # via
    #   google-api-core
    #   google-auth-oauthlib
    #   google-cloud-bigquery
    #   google-cloud-bigquery-storage
    #   google-cloud-core
    #   pandas-gbq
    #   pydata-google-auth
google-auth-oauthlib==1.2.0
    # via
    #   pandas-gbq
    #   pydata-google-auth
google-cloud-bigquery==3.22.0
    # via pandas-gbq
google-cloud-bigquery-storage==2.25.0
    # via pandas-gbq
google-cloud-core==2.4.1
    # via google-cloud-bigquery
google-crc32c==1.5.0
    # via google-resumable-media
google-resumable-media==2.7.0
    # via google-cloud-bigquery
googleapis-common-protos==1.63.0
    # via
    #   google-api-core
    #   grpcio-status
graphene==3.3
    # via mlflow
graphql-core==3.2.3
    # via
    #   graphene
    #   graphql-relay
    #   strawberry-graphql
graphql-relay==3.2.0
    # via graphene
great-expectations==0.18.13
    # via -r requirements.in
greenlet==3.0.3
    # via sqlalchemy
grpcio==1.63.0
    # via
    #   google-api-core
    #   grpcio-status
grpcio-status==1.62.2
    # via google-api-core
gunicorn==22.0.0
    # via mlflow
h11==0.14.0
    # via
    #   httpcore
    #   uvicorn
hdfs==2.7.3
    # via kedro-datasets
httpcore==1.0.5
    # via httpx
httptools==0.6.1
    # via uvicorn
httpx==0.27.0
    # via
    #   fastapi
    #   jupyterlab
identify==2.5.36
    # via pre-commit
idna==3.7
    # via
    #   anyio
    #   email-validator
    #   httpx
    #   jsonschema
    #   requests
    #   yarl
imagesize==1.4.1
    # via sphinx
importlib-metadata==7.1.0
    # via
    #   build
    #   delta-spark
    #   flask
    #   jupyter-cache
    #   jupyter-client
    #   jupyter-lsp
    #   jupyterlab
    #   jupyterlab-server
    #   kedro
    #   markdown
    #   mlflow
    #   myst-nb
    #   nbconvert
    #   sphinx
importlib-resources==6.4.0
    # via
    #   kedro
    #   matplotlib
iniconfig==2.0.0
    # via pytest
ipykernel==6.29.4
    # via
    #   jupyterlab
    #   myst-nb
ipython==8.18.1
    # via
    #   great-expectations
    #   ipykernel
    #   ipywidgets
    #   kedro-viz
    #   myst-nb
ipywidgets==8.1.2
    # via great-expectations
isoduration==20.11.0
    # via jsonschema
isort==5.13.2
    # via pylint
itsdangerous==2.2.0
    # via flask
jedi==0.19.1
    # via ipython
jellyfish==1.0.3
    # via -r requirements.in
jinja2==3.1.4
    # via
    #   altair
    #   cookiecutter
    #   fastapi
    #   flask
    #   great-expectations
    #   jupyter-server
    #   jupyterlab
    #   jupyterlab-server
    #   mlflow
    #   myst-parser
    #   nbconvert
    #   sphinx
jmespath==1.0.1
    # via botocore
joblib==1.4.2
    # via
    #   -r requirements.in
    #   scikit-learn
    #   scikit-optimize
json5==0.9.25
    # via jupyterlab-server
jsonpatch==1.33
    # via great-expectations
jsonpointer==2.4
    # via
    #   jsonpatch
    #   jsonschema
jsonschema[format-nongpl]==4.22.0
    # via
    #   altair
    #   great-expectations
    #   jupyter-events
    #   jupyterlab-server
    #   nbformat
jsonschema-specifications==2023.12.1
    # via jsonschema
jupyter-cache==1.0.0
    # via myst-nb
jupyter-client==8.6.1
    # via
    #   ipykernel
    #   jupyter-server
    #   nbclient
jupyter-core==5.7.2
    # via
    #   ipykernel
    #   jupyter-client
    #   jupyter-server
    #   jupyterlab
    #   nbclient
    #   nbconvert
    #   nbformat
jupyter-events==0.10.0
    # via jupyter-server
jupyter-lsp==2.2.5
    # via jupyterlab
jupyter-server==2.14.0
    # via
    #   jupyter-lsp
    #   jupyterlab
    #   jupyterlab-server
    #   notebook
    #   notebook-shim
jupyter-server-terminals==0.5.3
    # via jupyter-server
jupyterlab==4.1.8
    # via
    #   -r requirements.in
    #   notebook
jupyterlab-pygments==0.3.0
    # via nbconvert
jupyterlab-server==2.27.1
    # via
    #   jupyterlab
    #   notebook
jupyterlab-widgets==3.0.10
    # via ipywidgets
kedro==0.19.5
    # via
    #   -r requirements.in
    #   kedro-datasets
    #   kedro-viz
kedro-datasets[hdfs-base,pandas,pandas-base,pandas-csvdataset,pandas-deltatabledataset,pandas-exceldataset,pandas-featherdataset,pandas-gbqquerydataset,pandas-gbqtabledataset-pandas-genericdataset,pandas-hdfdataset,pandas-jsondataset,pandas-parquetdataset,pandas-sqlquerydataset,pandas-sqltabledataset,pandas-xmldataset,s3fs-base,spark,spark-base,spark-deltatabledataset]==3.0.0
    # via -r requirements.in
kedro-viz==9.0.0
    # via -r requirements.in
kiwisolver==1.4.5
    # via matplotlib
lazy-loader==0.4
    # via kedro-datasets
lightgbm==4.3.0
    # via -r requirements.in
llvmlite==0.42.0
    # via numba
lxml==4.9.4
    # via kedro-datasets
makefun==1.15.2
    # via great-expectations
mako==1.3.5
    # via alembic
markdown==3.6
    # via mlflow
markdown-it-py==3.0.0
    # via
    #   mdit-py-plugins
    #   myst-parser
    #   rich
markupsafe==2.1.5
    # via
    #   jinja2
    #   mako
    #   nbconvert
    #   werkzeug
marshmallow==3.21.2
    # via great-expectations
matplotlib==3.9.0
    # via
    #   -r requirements.in
    #   mlflow
    #   seaborn
matplotlib-inline==0.1.7
    # via
    #   ipykernel
    #   ipython
mccabe==0.7.0
    # via pylint
mdit-py-plugins==0.4.1
    # via myst-parser
mdurl==0.1.2
    # via markdown-it-py
mistune==3.0.2
    # via
    #   great-expectations
    #   nbconvert
mlflow==2.12.2
    # via -r requirements.in
more-itertools==10.2.0
    # via kedro
msgpack==1.0.8
    # via blosc2
multidict==6.0.5
    # via
    #   aiohttp
    #   yarl
mypy==1.10.0
    # via -r requirements.in
mypy-extensions==1.0.0
    # via
    #   black
    #   mypy
myst-nb==1.1.0
    # via -r requirements.in
myst-parser==3.0.1
    # via myst-nb
nbclient==0.10.0
    # via
    #   jupyter-cache
    #   myst-nb
    #   nbconvert
nbconvert==7.16.4
    # via jupyter-server
nbformat==5.10.4
    # via
    #   -r requirements.in
    #   great-expectations
    #   jupyter-cache
    #   jupyter-server
    #   myst-nb
    #   nbclient
    #   nbconvert
ndindex==1.8
    # via blosc2
nest-asyncio==1.6.0
    # via ipykernel
networkx==3.2.1
    # via kedro-viz
nodeenv==1.8.0
    # via pre-commit
notebook==7.1.3
    # via great-expectations
notebook-shim==0.2.4
    # via
    #   jupyterlab
    #   notebook
numba==0.59.1
    # via shap
numexpr==2.10.0
    # via
    #   -r requirements.in
    #   tables
numpy==1.26.4
    # via
    #   -r requirements.in
    #   altair
    #   blosc2
    #   contourpy
    #   db-dtypes
    #   great-expectations
    #   lightgbm
    #   matplotlib
    #   mlflow
    #   numba
    #   numexpr
    #   pandas
    #   pandas-gbq
    #   patsy
    #   pyarrow
    #   scikit-learn
    #   scikit-optimize
    #   scipy
    #   seaborn
    #   shap
    #   statsmodels
    #   tables
    #   xgboost
oauthlib==3.2.2
    # via requests-oauthlib
omegaconf==2.3.0
    # via kedro
openpyxl==3.1.2
    # via kedro-datasets
orjson==3.10.3
    # via
    #   fastapi
    #   kedro-viz
overrides==7.7.0
    # via jupyter-server
packaging==23.2
    # via
    #   black
    #   build
    #   db-dtypes
    #   docker
    #   google-cloud-bigquery
    #   great-expectations
    #   gunicorn
    #   ipykernel
    #   jupyter-server
    #   jupyterlab
    #   jupyterlab-server
    #   kedro-viz
    #   lazy-loader
    #   marshmallow
    #   matplotlib
    #   mlflow
    #   nbconvert
    #   plotly
    #   pydata-sphinx-theme
    #   pytest
    #   pytoolconfig
    #   scikit-optimize
    #   shap
    #   sphinx
    #   statsmodels
    #   tables
pandas==2.2.2
    # via
    #   -r requirements.in
    #   altair
    #   db-dtypes
    #   great-expectations
    #   kedro-datasets
    #   kedro-viz
    #   mlflow
    #   pandas-gbq
    #   seaborn
    #   shap
    #   statsmodels
pandas-gbq==0.17.9
    # via kedro-datasets
pandocfilters==1.5.1
    # via nbconvert
parse==1.20.1
    # via kedro
parso==0.8.4
    # via jedi
pathspec==0.12.1
    # via black
patsy==0.5.6
    # via statsmodels
pexpect==4.9.0
    # via ipython
pillow==10.3.0
    # via matplotlib
pip-tools==7.4.1
    # via -r requirements.in
platformdirs==4.2.2
    # via
    #   black
    #   jupyter-core
    #   pylint
    #   pytoolconfig
    #   virtualenv
plotly==5.22.0
    # via kedro-viz
pluggy==1.3.0
    # via
    #   kedro
    #   pytest
pre-commit==3.7.1
    # via -r requirements.in
pre-commit-hooks==4.6.0
    # via kedro
prometheus-client==0.20.0
    # via jupyter-server
prompt-toolkit==3.0.43
    # via ipython
proto-plus==1.23.0
    # via
    #   google-api-core
    #   google-cloud-bigquery-storage
protobuf==4.25.3
    # via
    #   google-api-core
    #   google-cloud-bigquery-storage
    #   googleapis-common-protos
    #   grpcio-status
    #   mlflow
    #   proto-plus
psutil==5.9.8
    # via
    #   -r requirements.in
    #   ipykernel
ptyprocess==0.7.0
    # via
    #   pexpect
    #   terminado
pure-eval==0.2.2
    # via stack-data
py-cpuinfo==9.0.0
    # via
    #   blosc2
    #   tables
py4j==0.10.9.7
    # via pyspark
pyaml==24.4.0
    # via scikit-optimize
pyarrow==9.0.0
    # via
    #   -r requirements.in
    #   db-dtypes
    #   deltalake
    #   kedro-datasets
    #   mlflow
    #   pandas-gbq
pyarrow-hotfix==0.6
    # via deltalake
pyasn1==0.6.0
    # via
    #   pyasn1-modules
    #   rsa
pyasn1-modules==0.4.0
    # via google-auth
pycparser==2.22
    # via cffi
pydantic==2.7.1
    # via
    #   fastapi
    #   great-expectations
    #   kedro-viz
pydantic-core==2.18.2
    # via pydantic
pydata-google-auth==1.8.2
    # via pandas-gbq
pydata-sphinx-theme==0.15.2
    # via -r requirements.in
pygments==2.18.0
    # via
    #   accessible-pygments
    #   ipython
    #   nbconvert
    #   pydata-sphinx-theme
    #   rich
    #   sphinx
pylint==3.2.0
    # via -r requirements.in
pyodbc==5.1.0
    # via kedro-datasets
pyparsing==3.1.2
    # via
    #   great-expectations
    #   matplotlib
pyproject-hooks==1.1.0
    # via
    #   build
    #   pip-tools
pyspark==3.4.3
    # via
    #   -r requirements.in
    #   delta-spark
    #   kedro-datasets
pytest==8.0.2
    # via
    #   -r requirements.in
    #   pytest-cov
    #   pytest-xdist
pytest-cov==5.0.0
    # via -r requirements.in
pytest-xdist==3.6.1
    # via -r requirements.in
python-dateutil==2.9.0.post0
    # via
    #   -r requirements.in
    #   arrow
    #   botocore
    #   google-cloud-bigquery
    #   great-expectations
    #   jupyter-client
    #   matplotlib
    #   pandas
    #   strawberry-graphql
python-dotenv==1.0.1
    # via uvicorn
python-json-logger==2.0.7
    # via jupyter-events
python-multipart==0.0.9
    # via fastapi
python-slugify==8.0.4
    # via cookiecutter
pytoolconfig[global]==1.3.1
    # via rope
pytz==2024.1
    # via
    #   great-expectations
    #   mlflow
    #   pandas
pyyaml==6.0.1
    # via
    #   cookiecutter
    #   jupyter-cache
    #   jupyter-events
    #   kedro
    #   mlflow
    #   myst-nb
    #   myst-parser
    #   omegaconf
    #   pre-commit
    #   pyaml
    #   uvicorn
pyzmq==26.0.3
    # via
    #   ipykernel
    #   jupyter-client
    #   jupyter-server
querystring-parser==1.2.4
    # via mlflow
rapidfuzz==3.9.0
    # via -r requirements.in
referencing==0.35.1
    # via
    #   jsonschema
    #   jsonschema-specifications
    #   jupyter-events
regex==2024.5.15
    # via -r requirements.in
requests==2.31.0
    # via
    #   cookiecutter
    #   docker
    #   google-api-core
    #   google-cloud-bigquery
    #   great-expectations
    #   hdfs
    #   jupyterlab-server
    #   mlflow
    #   requests-oauthlib
    #   sphinx
requests-oauthlib==2.0.0
    # via google-auth-oauthlib
rfc3339-validator==0.1.4
    # via
    #   jsonschema
    #   jupyter-events
rfc3986-validator==0.1.1
    # via
    #   jsonschema
    #   jupyter-events
rich==13.7.1
    # via
    #   cookiecutter
    #   kedro
    #   typer
rope==1.13.0
    # via kedro
rpds-py==0.18.1
    # via
    #   jsonschema
    #   referencing
rsa==4.9
    # via google-auth
ruamel-yaml==0.17.17
    # via
    #   -r requirements.in
    #   great-expectations
    #   pre-commit-hooks
ruamel-yaml-clib==0.2.8
    # via ruamel-yaml
s3fs==2023.12.2
    # via kedro-datasets
scikit-learn==1.4.2
    # via
    #   -r requirements.in
    #   mlflow
    #   scikit-optimize
    #   shap
scikit-optimize==0.10.1
    # via -r requirements.in
scipy==1.13.0
    # via
    #   -r requirements.in
    #   great-expectations
    #   lightgbm
    #   mlflow
    #   scikit-learn
    #   scikit-optimize
    #   shap
    #   statsmodels
    #   xgboost
seaborn==0.13.2
    # via -r requirements.in
secure==0.3.0
    # via kedro-viz
send2trash==1.8.3
    # via jupyter-server
shap==0.45.1
    # via -r requirements.in
shellingham==1.5.4
    # via typer
six==1.16.0
    # via
    #   asttokens
    #   bleach
    #   hdfs
    #   patsy
    #   python-dateutil
    #   querystring-parser
    #   rfc3339-validator
slicer==0.0.8
    # via shap
smmap==5.0.1
    # via gitdb
sniffio==1.3.1
    # via
    #   anyio
    #   httpx
snowballstemmer==2.2.0
    # via sphinx
soupsieve==2.5
    # via beautifulsoup4
sphinx==7.3.7
    # via
    #   -r requirements.in
    #   myst-nb
    #   myst-parser
    #   pydata-sphinx-theme
    #   sphinxemoji
sphinxcontrib-applehelp==1.0.8
    # via sphinx
sphinxcontrib-devhelp==1.0.6
    # via sphinx
sphinxcontrib-htmlhelp==2.0.5
    # via sphinx
sphinxcontrib-jsmath==1.0.1
    # via sphinx
sphinxcontrib-qthelp==1.0.7
    # via sphinx
sphinxcontrib-serializinghtml==1.1.10
    # via sphinx
sphinxemoji==0.3.1
    # via -r requirements.in
sqlalchemy==2.0.30
    # via
    #   -r requirements.in
    #   alembic
    #   jupyter-cache
    #   kedro-datasets
    #   kedro-viz
    #   mlflow
sqlparse==0.5.0
    # via mlflow
stack-data==0.6.3
    # via ipython
starlette==0.37.2
    # via
    #   -r requirements.in
    #   fastapi
statsmodels==0.14.2
    # via -r requirements.in
strawberry-graphql==0.229.1
    # via kedro-viz
tables==3.9.2
    # via kedro-datasets
tabulate==0.9.0
    # via jupyter-cache
tenacity==8.3.0
    # via plotly
terminado==0.18.1
    # via
    #   jupyter-server
    #   jupyter-server-terminals
text-unidecode==1.3
    # via python-slugify
textdistance==4.6.2
    # via -r requirements.in
threadpoolctl==3.5.0
    # via scikit-learn
tinycss2==1.3.0
    # via nbconvert
toml==0.10.2
    # via kedro
tomli==2.0.1
    # via
    #   black
    #   build
    #   coverage
    #   jupyterlab
    #   mypy
    #   pip-tools
    #   pre-commit-hooks
    #   pylint
    #   pytest
    #   pytoolconfig
    #   sphinx
tomlkit==0.12.5
    # via pylint
toolz==0.12.1
    # via altair
toposort==1.10
    # via kedro-viz
tornado==6.4
    # via
    #   ipykernel
    #   jupyter-client
    #   jupyter-server
    #   jupyterlab
    #   notebook
    #   terminado
tqdm==4.66.4
    # via
    #   -r requirements.in
    #   great-expectations
    #   shap
traitlets==5.14.3
    # via
    #   comm
    #   ipykernel
    #   ipython
    #   ipywidgets
    #   jupyter-client
    #   jupyter-core
    #   jupyter-events
    #   jupyter-server
    #   jupyterlab
    #   matplotlib-inline
    #   nbclient
    #   nbconvert
    #   nbformat
typer==0.12.3
    # via fastapi-cli
types-python-dateutil==2.9.0.20240316
    # via arrow
typing-extensions==4.11.0
    # via
    #   aioitertools
    #   alembic
    #   astroid
    #   async-lru
    #   black
    #   fastapi
    #   great-expectations
    #   ipython
    #   mypy
    #   myst-nb
    #   pydantic
    #   pydantic-core
    #   pydata-sphinx-theme
    #   pylint
    #   sqlalchemy
    #   starlette
    #   strawberry-graphql
    #   typer
    #   uvicorn
tzdata==2024.1
    # via pandas
tzlocal==5.2
    # via great-expectations
ujson==5.10.0
    # via fastapi
uri-template==1.3.0
    # via jsonschema
urllib3==1.26.18
    # via
    #   botocore
    #   docker
    #   great-expectations
    #   requests
uvicorn[standard]==0.29.0
    # via
    #   fastapi
    #   fastapi-cli
    #   kedro-viz
uvloop==0.19.0
    # via uvicorn
virtualenv==20.26.2
    # via
    #   -r requirements.in
    #   pre-commit
watchfiles==0.21.0
    # via uvicorn
watchgod==0.8.2
    # via kedro-viz
wcwidth==0.2.13
    # via prompt-toolkit
webcolors==1.13
    # via jsonschema
webencodings==0.5.1
    # via
    #   bleach
    #   tinycss2
websocket-client==1.8.0
    # via jupyter-server
websockets==12.0
    # via uvicorn
werkzeug==3.0.3
    # via flask
wheel==0.43.0
    # via pip-tools
widgetsnbextension==4.0.10
    # via ipywidgets
wrapt==1.16.0
    # via aiobotocore
xgboost==2.0.3
    # via -r requirements.in
yarl==1.9.4
    # via aiohttp
zipp==3.18.1
    # via
    #   importlib-metadata
    #   importlib-resources

# The following packages are considered to be unsafe in a requirements file:
# pip
# setuptools
